
Microsoft Visual Studio Solution File, Format Version 12.00
# Visual Studio 14
VisualStudioVersion = 14.0.25123.0
MinimumVisualStudioVersion = 10.0.40219.1
Project("{FAE04EC0-301F-11D3-BF4B-00C04F79EFBC}") = "Filip", "Filip\Filip.csproj", "{F94815DF-2D5B-4E01-B1A3-B6B7889ACCCF}"
EndProject
Global
	GlobalSection(SolutionConfigurationPlatforms) = preSolution
		Debug|Any CPU = Debug|Any CPU
		Release|Any CPU = Release|Any CPU
	EndGlobalSection
	GlobalSection(ProjectConfigurationPlatforms) = postSolution
		{F94815DF-2D5B-4E01-B1A3-B6B7889ACCCF}.Debug|Any CPU.ActiveCfg = Debug|Any CPU
		{F94815DF-2D5B-4E01-B1A3-B6B7889ACCCF}.Debug|Any CPU.Build.0 = Debug|Any CPU
		{F94815DF-2D5B-4E01-B1A3-B6B7889ACCCF}.Release|Any CPU.ActiveCfg = Release|Any CPU
		{F94815DF-2D5B-4E01-B1A3-B6B7889ACCCF}.Release|Any CPU.Build.0 = Release|Any CPU
	EndGlobalSection
	GlobalSection(SolutionProperties) = preSolution
		HideSolutionNode = FALSE
	EndGlobalSection
EndGlobal
